
Microsoft Visual Studio Solution File, Format Version 12.00
# Visual Studio Version 16
VisualStudioVersion = 16.0.29613.14
MinimumVisualStudioVersion = 10.0.40219.1
Project("{FAE04EC0-301F-11D3-BF4B-00C04F79EFBC}") = "FINAL", "FINAL\FINAL.csproj", "{B551E576-970C-4747-A214-171780EF0572}"
EndProject
Global
	GlobalSection(SolutionConfigurationPlatforms) = preSolution
		Debug|Any CPU = Debug|Any CPU
		Release|Any CPU = Release|Any CPU
	EndGlobalSection
	GlobalSection(ProjectConfigurationPlatforms) = postSolution
		{B551E576-970C-4747-A214-171780EF0572}.Debug|Any CPU.ActiveCfg = Debug|Any CPU
		{B551E576-970C-4747-A214-171780EF0572}.Debug|Any CPU.Build.0 = Debug|Any CPU
		{B551E576-970C-4747-A214-171780EF0572}.Release|Any CPU.ActiveCfg = Release|Any CPU
		{B551E576-970C-4747-A214-171780EF0572}.Release|Any CPU.Build.0 = Release|Any CPU
	EndGlobalSection
	GlobalSection(SolutionProperties) = preSolution
		HideSolutionNode = FALSE
	EndGlobalSection
	GlobalSection(ExtensibilityGlobals) = postSolution
		SolutionGuid = {12157836-9BBF-4438-98F0-22FD125032BE}
	EndGlobalSection
EndGlobal
